
Microsoft Visual Studio Solution File, Format Version 12.00
# Visual Studio Version 17
VisualStudioVersion = 17.11.35222.181
MinimumVisualStudioVersion = 10.0.40219.1
Project("{FAE04EC0-301F-11D3-BF4B-00C04F79EFBC}") = "Week15OOP", "Week15OOP.csproj", "{74999B16-8C66-44B3-9F91-80912EEAB1AC}"
EndProject
Global
	GlobalSection(SolutionConfigurationPlatforms) = preSolution
		Debug|Any CPU = Debug|Any CPU
		Release|Any CPU = Release|Any CPU
	EndGlobalSection
	GlobalSection(ProjectConfigurationPlatforms) = postSolution
		{74999B16-8C66-44B3-9F91-80912EEAB1AC}.Debug|Any CPU.ActiveCfg = Debug|Any CPU
		{74999B16-8C66-44B3-9F91-80912EEAB1AC}.Debug|Any CPU.Build.0 = Debug|Any CPU
		{74999B16-8C66-44B3-9F91-80912EEAB1AC}.Release|Any CPU.ActiveCfg = Release|Any CPU
		{74999B16-8C66-44B3-9F91-80912EEAB1AC}.Release|Any CPU.Build.0 = Release|Any CPU
	EndGlobalSection
	GlobalSection(SolutionProperties) = preSolution
		HideSolutionNode = FALSE
	EndGlobalSection
	GlobalSection(ExtensibilityGlobals) = postSolution
		SolutionGuid = {A1925519-FECD-43E9-86D0-A179212B428C}
	EndGlobalSection
EndGlobal
